Microsoft Visual Studio Solution File, Format Version 12.00
# Visual Studio 15
VisualStudioVersion = 15.0.26124.0
MinimumVisualStudioVersion = 15.0.26124.0
Project("{2150E333-8FDC-42A3-9474-1A3956D46DE8}") = "package", "package", "{41579FEA-ACEC-4CFE-84E7-7B94C78C2B58}"
ProjectSection(SolutionItems) = preProject
	package\NuGet.config = package\NuGet.config
EndProjectSection
EndProject
Project("{FAE04EC0-301F-11D3-BF4B-00C04F79EFBC}") = "Stackage.Core.Abstractions", "package\Stackage.Core.Abstractions\Stackage.Core.Abstractions.csproj", "{6FD88521-06CF-4A16-9DBE-F2290560F64D}"
EndProject
Project("{FAE04EC0-301F-11D3-BF4B-00C04F79EFBC}") = "Stackage.Core.Abstractions.Tests", "package\Stackage.Core.Abstractions.Tests\Stackage.Core.Abstractions.Tests.csproj", "{90FD9125-DFEA-40D8-AA57-BC8E429CF19E}"
EndProject
Project("{2150E333-8FDC-42A3-9474-1A3956D46DE8}") = "Solution Items", "Solution Items", "{4E6E26E9-BE2A-41F7-910C-1A004448DD8F}"
ProjectSection(SolutionItems) = preProject
	.editorconfig = .editorconfig
	.gitignore = .gitignore
	README.md = README.md
EndProjectSection
EndProject
Project("{2150E333-8FDC-42A3-9474-1A3956D46DE8}") = "pipelines", "pipelines", "{7C676B5E-755C-41FC-8755-46A8CE17D20B}"
ProjectSection(SolutionItems) = preProject
	pipelines\azure-pipelines.ci.yaml = pipelines\azure-pipelines.ci.yaml
	pipelines\azure-pipelines.pr.yaml = pipelines\azure-pipelines.pr.yaml
	pipelines\azure-pipelines.release.yaml = pipelines\azure-pipelines.release.yaml
	pipelines\azure-pipelines.steps.yaml = pipelines\azure-pipelines.steps.yaml
EndProjectSection
EndProject
Global
	GlobalSection(SolutionConfigurationPlatforms) = preSolution
		Debug|Any CPU = Debug|Any CPU
		Debug|x64 = Debug|x64
		Debug|x86 = Debug|x86
		Release|Any CPU = Release|Any CPU
		Release|x64 = Release|x64
		Release|x86 = Release|x86
	EndGlobalSection
	GlobalSection(SolutionProperties) = preSolution
		HideSolutionNode = FALSE
	EndGlobalSection
	GlobalSection(ProjectConfigurationPlatforms) = postSolution
		{6FD88521-06CF-4A16-9DBE-F2290560F64D}.Debug|Any CPU.ActiveCfg = Debug|Any CPU
		{6FD88521-06CF-4A16-9DBE-F2290560F64D}.Debug|Any CPU.Build.0 = Debug|Any CPU
		{6FD88521-06CF-4A16-9DBE-F2290560F64D}.Debug|x64.ActiveCfg = Debug|Any CPU
		{6FD88521-06CF-4A16-9DBE-F2290560F64D}.Debug|x64.Build.0 = Debug|Any CPU
		{6FD88521-06CF-4A16-9DBE-F2290560F64D}.Debug|x86.ActiveCfg = Debug|Any CPU
		{6FD88521-06CF-4A16-9DBE-F2290560F64D}.Debug|x86.Build.0 = Debug|Any CPU
		{6FD88521-06CF-4A16-9DBE-F2290560F64D}.Release|Any CPU.ActiveCfg = Release|Any CPU
		{6FD88521-06CF-4A16-9DBE-F2290560F64D}.Release|Any CPU.Build.0 = Release|Any CPU
		{6FD88521-06CF-4A16-9DBE-F2290560F64D}.Release|x64.ActiveCfg = Release|Any CPU
		{6FD88521-06CF-4A16-9DBE-F2290560F64D}.Release|x64.Build.0 = Release|Any CPU
		{6FD88521-06CF-4A16-9DBE-F2290560F64D}.Release|x86.ActiveCfg = Release|Any CPU
		{6FD88521-06CF-4A16-9DBE-F2290560F64D}.Release|x86.Build.0 = Release|Any CPU
		{90FD9125-DFEA-40D8-AA57-BC8E429CF19E}.Debug|Any CPU.ActiveCfg = Debug|Any CPU
		{90FD9125-DFEA-40D8-AA57-BC8E429CF19E}.Debug|Any CPU.Build.0 = Debug|Any CPU
		{90FD9125-DFEA-40D8-AA57-BC8E429CF19E}.Debug|x64.ActiveCfg = Debug|Any CPU
		{90FD9125-DFEA-40D8-AA57-BC8E429CF19E}.Debug|x64.Build.0 = Debug|Any CPU
		{90FD9125-DFEA-40D8-AA57-BC8E429CF19E}.Debug|x86.ActiveCfg = Debug|Any CPU
		{90FD9125-DFEA-40D8-AA57-BC8E429CF19E}.Debug|x86.Build.0 = Debug|Any CPU
		{90FD9125-DFEA-40D8-AA57-BC8E429CF19E}.Release|Any CPU.ActiveCfg = Release|Any CPU
		{90FD9125-DFEA-40D8-AA57-BC8E429CF19E}.Release|Any CPU.Build.0 = Release|Any CPU
		{90FD9125-DFEA-40D8-AA57-BC8E429CF19E}.Release|x64.ActiveCfg = Release|Any CPU
		{90FD9125-DFEA-40D8-AA57-BC8E429CF19E}.Release|x64.Build.0 = Release|Any CPU
		{90FD9125-DFEA-40D8-AA57-BC8E429CF19E}.Release|x86.ActiveCfg = Release|Any CPU
		{90FD9125-DFEA-40D8-AA57-BC8E429CF19E}.Release|x86.Build.0 = Release|Any CPU
	EndGlobalSection
	GlobalSection(NestedProjects) = preSolution
		{6FD88521-06CF-4A16-9DBE-F2290560F64D} = {41579FEA-ACEC-4CFE-84E7-7B94C78C2B58}
		{90FD9125-DFEA-40D8-AA57-BC8E429CF19E} = {41579FEA-ACEC-4CFE-84E7-7B94C78C2B58}
		{7C676B5E-755C-41FC-8755-46A8CE17D20B} = {4E6E26E9-BE2A-41F7-910C-1A004448DD8F}
	EndGlobalSection
EndGlobal
